
Microsoft Visual Studio Solution File, Format Version 12.00
# Visual Studio Version 18
VisualStudioVersion = 18.0.11018.127 d18.0
MinimumVisualStudioVersion = 10.0.40219.1
Project("{2150E333-8FDC-42A3-9474-1A3956D46DE8}") = "src", "src", "{62482755-2FB1-4EE2-950A-ACC71C159323}"
EndProject
Project("{FAE04EC0-301F-11D3-BF4B-00C04F79EFBC}") = "MasterNet.WebApi", "src\MasterNet.WebApi\MasterNet.WebApi.csproj", "{545BE680-3961-4BCA-A1F7-6C7E90D342EE}"
EndProject
Project("{FAE04EC0-301F-11D3-BF4B-00C04F79EFBC}") = "MasterNet.Domain", "src\MasterNet.Domain\MasterNet.Domain.csproj", "{259DFB4B-4B24-4841-B35A-806C423EC835}"
EndProject
Project("{FAE04EC0-301F-11D3-BF4B-00C04F79EFBC}") = "MasterNet.Persistence", "src\MasterNet.Persistence\MasterNet.Persistence.csproj", "{C7B81D5F-8A9E-42A7-A3BA-04F33F42883C}"
EndProject
Project("{FAE04EC0-301F-11D3-BF4B-00C04F79EFBC}") = "MasterNet.Application", "src\MasterNet.Application\MasterNet.Application.csproj", "{EBDDF09F-7EE3-4019-BBFE-A3B4996FE366}"
EndProject
Project("{FAE04EC0-301F-11D3-BF4B-00C04F79EFBC}") = "MasterNet.Infrastructure", "src\MasterNet.Infrastructure\MasterNet.Infrastructure.csproj", "{4888F558-D75A-4136-98BB-DEA384D450F2}"
EndProject
Project("{2150E333-8FDC-42A3-9474-1A3956D46DE8}") = "tests", "tests", "{02EA681E-C7D8-13C7-8484-4AC65E1B71E8}"
EndProject
Project("{FAE04EC0-301F-11D3-BF4B-00C04F79EFBC}") = "MasterNet.Application.UnitTests", "tests\MasterNet.Application.UnitTests\MasterNet.Application.UnitTests.csproj", "{69DF0251-5668-446B-9839-5271225A8267}"
EndProject
Project("{2150E333-8FDC-42A3-9474-1A3956D46DE8}") = "libs", "libs", "{6C4D298B-81FB-2B6B-5AB6-46205EDDC72C}"
EndProject
Project("{FAE04EC0-301F-11D3-BF4B-00C04F79EFBC}") = "Core.Mappy", "libs\Core.Mappy\Core.Mappy.csproj", "{F98C7E21-5BC1-4617-A3D1-9F15D2EB662A}"
EndProject
Project("{FAE04EC0-301F-11D3-BF4B-00C04F79EFBC}") = "Core.MediatOR", "libs\Core.MediatOR\Core.MediatOR.csproj", "{B767307B-35EF-41F2-9C9F-BD8C71263223}"
EndProject
Project("{2150E333-8FDC-42A3-9474-1A3956D46DE8}") = "Solution Items", "Solution Items", "{34C8DDE2-6EE8-47B2-AC08-D117A9091747}"
	ProjectSection(SolutionItems) = preProject
		docker-compose.yml = docker-compose.yml
	EndProjectSection
EndProject
Global
	GlobalSection(SolutionConfigurationPlatforms) = preSolution
		Debug|Any CPU = Debug|Any CPU
		Debug|x64 = Debug|x64
		Debug|x86 = Debug|x86
		Release|Any CPU = Release|Any CPU
		Release|x64 = Release|x64
		Release|x86 = Release|x86
	EndGlobalSection
	GlobalSection(ProjectConfigurationPlatforms) = postSolution
		{545BE680-3961-4BCA-A1F7-6C7E90D342EE}.Debug|Any CPU.ActiveCfg = Debug|Any CPU
		{545BE680-3961-4BCA-A1F7-6C7E90D342EE}.Debug|Any CPU.Build.0 = Debug|Any CPU
		{545BE680-3961-4BCA-A1F7-6C7E90D342EE}.Debug|x64.ActiveCfg = Debug|Any CPU
		{545BE680-3961-4BCA-A1F7-6C7E90D342EE}.Debug|x64.Build.0 = Debug|Any CPU
		{545BE680-3961-4BCA-A1F7-6C7E90D342EE}.Debug|x86.ActiveCfg = Debug|Any CPU
		{545BE680-3961-4BCA-A1F7-6C7E90D342EE}.Debug|x86.Build.0 = Debug|Any CPU
		{545BE680-3961-4BCA-A1F7-6C7E90D342EE}.Release|Any CPU.ActiveCfg = Release|Any CPU
		{545BE680-3961-4BCA-A1F7-6C7E90D342EE}.Release|Any CPU.Build.0 = Release|Any CPU
		{545BE680-3961-4BCA-A1F7-6C7E90D342EE}.Release|x64.ActiveCfg = Release|Any CPU
		{545BE680-3961-4BCA-A1F7-6C7E90D342EE}.Release|x64.Build.0 = Release|Any CPU
		{545BE680-3961-4BCA-A1F7-6C7E90D342EE}.Release|x86.ActiveCfg = Release|Any CPU
		{545BE680-3961-4BCA-A1F7-6C7E90D342EE}.Release|x86.Build.0 = Release|Any CPU
		{259DFB4B-4B24-4841-B35A-806C423EC835}.Debug|Any CPU.ActiveCfg = Debug|Any CPU
		{259DFB4B-4B24-4841-B35A-806C423EC835}.Debug|Any CPU.Build.0 = Debug|Any CPU
		{259DFB4B-4B24-4841-B35A-806C423EC835}.Debug|x64.ActiveCfg = Debug|Any CPU
		{259DFB4B-4B24-4841-B35A-806C423EC835}.Debug|x64.Build.0 = Debug|Any CPU
		{259DFB4B-4B24-4841-B35A-806C423EC835}.Debug|x86.ActiveCfg = Debug|Any CPU
		{259DFB4B-4B24-4841-B35A-806C423EC835}.Debug|x86.Build.0 = Debug|Any CPU
		{259DFB4B-4B24-4841-B35A-806C423EC835}.Release|Any CPU.ActiveCfg = Release|Any CPU
		{259DFB4B-4B24-4841-B35A-806C423EC835}.Release|Any CPU.Build.0 = Release|Any CPU
		{259DFB4B-4B24-4841-B35A-806C423EC835}.Release|x64.ActiveCfg = Release|Any CPU
		{259DFB4B-4B24-4841-B35A-806C423EC835}.Release|x64.Build.0 = Release|Any CPU
		{259DFB4B-4B24-4841-B35A-806C423EC835}.Release|x86.ActiveCfg = Release|Any CPU
		{259DFB4B-4B24-4841-B35A-806C423EC835}.Release|x86.Build.0 = Release|Any CPU
		{C7B81D5F-8A9E-42A7-A3BA-04F33F42883C}.Debug|Any CPU.ActiveCfg = Debug|Any CPU
		{C7B81D5F-8A9E-42A7-A3BA-04F33F42883C}.Debug|Any CPU.Build.0 = Debug|Any CPU
		{C7B81D5F-8A9E-42A7-A3BA-04F33F42883C}.Debug|x64.ActiveCfg = Debug|Any CPU
		{C7B81D5F-8A9E-42A7-A3BA-04F33F42883C}.Debug|x64.Build.0 = Debug|Any CPU
		{C7B81D5F-8A9E-42A7-A3BA-04F33F42883C}.Debug|x86.ActiveCfg = Debug|Any CPU
		{C7B81D5F-8A9E-42A7-A3BA-04F33F42883C}.Debug|x86.Build.0 = Debug|Any CPU
		{C7B81D5F-8A9E-42A7-A3BA-04F33F42883C}.Release|Any CPU.ActiveCfg = Release|Any CPU
		{C7B81D5F-8A9E-42A7-A3BA-04F33F42883C}.Release|Any CPU.Build.0 = Release|Any CPU
		{C7B81D5F-8A9E-42A7-A3BA-04F33F42883C}.Release|x64.ActiveCfg = Release|Any CPU
		{C7B81D5F-8A9E-42A7-A3BA-04F33F42883C}.Release|x64.Build.0 = Release|Any CPU
		{C7B81D5F-8A9E-42A7-A3BA-04F33F42883C}.Release|x86.ActiveCfg = Release|Any CPU
		{C7B81D5F-8A9E-42A7-A3BA-04F33F42883C}.Release|x86.Build.0 = Release|Any CPU
		{EBDDF09F-7EE3-4019-BBFE-A3B4996FE366}.Debug|Any CPU.ActiveCfg = Debug|Any CPU
		{EBDDF09F-7EE3-4019-BBFE-A3B4996FE366}.Debug|Any CPU.Build.0 = Debug|Any CPU
		{EBDDF09F-7EE3-4019-BBFE-A3B4996FE366}.Debug|x64.ActiveCfg = Debug|Any CPU
		{EBDDF09F-7EE3-4019-BBFE-A3B4996FE366}.Debug|x64.Build.0 = Debug|Any CPU
		{EBDDF09F-7EE3-4019-BBFE-A3B4996FE366}.Debug|x86.ActiveCfg = Debug|Any CPU
		{EBDDF09F-7EE3-4019-BBFE-A3B4996FE366}.Debug|x86.Build.0 = Debug|Any CPU
		{EBDDF09F-7EE3-4019-BBFE-A3B4996FE366}.Release|Any CPU.ActiveCfg = Release|Any CPU
		{EBDDF09F-7EE3-4019-BBFE-A3B4996FE366}.Release|Any CPU.Build.0 = Release|Any CPU
		{EBDDF09F-7EE3-4019-BBFE-A3B4996FE366}.Release|x64.ActiveCfg = Release|Any CPU
		{EBDDF09F-7EE3-4019-BBFE-A3B4996FE366}.Release|x64.Build.0 = Release|Any CPU
		{EBDDF09F-7EE3-4019-BBFE-A3B4996FE366}.Release|x86.ActiveCfg = Release|Any CPU
		{EBDDF09F-7EE3-4019-BBFE-A3B4996FE366}.Release|x86.Build.0 = Release|Any CPU
		{4888F558-D75A-4136-98BB-DEA384D450F2}.Debug|Any CPU.ActiveCfg = Debug|Any CPU
		{4888F558-D75A-4136-98BB-DEA384D450F2}.Debug|Any CPU.Build.0 = Debug|Any CPU
		{4888F558-D75A-4136-98BB-DEA384D450F2}.Debug|x64.ActiveCfg = Debug|Any CPU
		{4888F558-D75A-4136-98BB-DEA384D450F2}.Debug|x64.Build.0 = Debug|Any CPU
		{4888F558-D75A-4136-98BB-DEA384D450F2}.Debug|x86.ActiveCfg = Debug|Any CPU
		{4888F558-D75A-4136-98BB-DEA384D450F2}.Debug|x86.Build.0 = Debug|Any CPU
		{4888F558-D75A-4136-98BB-DEA384D450F2}.Release|Any CPU.ActiveCfg = Release|Any CPU
		{4888F558-D75A-4136-98BB-DEA384D450F2}.Release|Any CPU.Build.0 = Release|Any CPU
		{4888F558-D75A-4136-98BB-DEA384D450F2}.Release|x64.ActiveCfg = Release|Any CPU
		{4888F558-D75A-4136-98BB-DEA384D450F2}.Release|x64.Build.0 = Release|Any CPU
		{4888F558-D75A-4136-98BB-DEA384D450F2}.Release|x86.ActiveCfg = Release|Any CPU
		{4888F558-D75A-4136-98BB-DEA384D450F2}.Release|x86.Build.0 = Release|Any CPU
		{69DF0251-5668-446B-9839-5271225A8267}.Debug|Any CPU.ActiveCfg = Debug|Any CPU
		{69DF0251-5668-446B-9839-5271225A8267}.Debug|Any CPU.Build.0 = Debug|Any CPU
		{69DF0251-5668-446B-9839-5271225A8267}.Debug|x64.ActiveCfg = Debug|Any CPU
		{69DF0251-5668-446B-9839-5271225A8267}.Debug|x64.Build.0 = Debug|Any CPU
		{69DF0251-5668-446B-9839-5271225A8267}.Debug|x86.ActiveCfg = Debug|Any CPU
		{69DF0251-5668-446B-9839-5271225A8267}.Debug|x86.Build.0 = Debug|Any CPU
		{69DF0251-5668-446B-9839-5271225A8267}.Release|Any CPU.ActiveCfg = Release|Any CPU
		{69DF0251-5668-446B-9839-5271225A8267}.Release|Any CPU.Build.0 = Release|Any CPU
		{69DF0251-5668-446B-9839-5271225A8267}.Release|x64.ActiveCfg = Release|Any CPU
		{69DF0251-5668-446B-9839-5271225A8267}.Release|x64.Build.0 = Release|Any CPU
		{69DF0251-5668-446B-9839-5271225A8267}.Release|x86.ActiveCfg = Release|Any CPU
		{69DF0251-5668-446B-9839-5271225A8267}.Release|x86.Build.0 = Release|Any CPU
		{F98C7E21-5BC1-4617-A3D1-9F15D2EB662A}.Debug|Any CPU.ActiveCfg = Debug|Any CPU
		{F98C7E21-5BC1-4617-A3D1-9F15D2EB662A}.Debug|Any CPU.Build.0 = Debug|Any CPU
		{F98C7E21-5BC1-4617-A3D1-9F15D2EB662A}.Debug|x64.ActiveCfg = Debug|Any CPU
		{F98C7E21-5BC1-4617-A3D1-9F15D2EB662A}.Debug|x64.Build.0 = Debug|Any CPU
		{F98C7E21-5BC1-4617-A3D1-9F15D2EB662A}.Debug|x86.ActiveCfg = Debug|Any CPU
		{F98C7E21-5BC1-4617-A3D1-9F15D2EB662A}.Debug|x86.Build.0 = Debug|Any CPU
		{F98C7E21-5BC1-4617-A3D1-9F15D2EB662A}.Release|Any CPU.ActiveCfg = Release|Any CPU
		{F98C7E21-5BC1-4617-A3D1-9F15D2EB662A}.Release|Any CPU.Build.0 = Release|Any CPU
		{F98C7E21-5BC1-4617-A3D1-9F15D2EB662A}.Release|x64.ActiveCfg = Release|Any CPU
		{F98C7E21-5BC1-4617-A3D1-9F15D2EB662A}.Release|x64.Build.0 = Release|Any CPU
		{F98C7E21-5BC1-4617-A3D1-9F15D2EB662A}.Release|x86.ActiveCfg = Release|Any CPU
		{F98C7E21-5BC1-4617-A3D1-9F15D2EB662A}.Release|x86.Build.0 = Release|Any CPU
		{B767307B-35EF-41F2-9C9F-BD8C71263223}.Debug|Any CPU.ActiveCfg = Debug|Any CPU
		{B767307B-35EF-41F2-9C9F-BD8C71263223}.Debug|Any CPU.Build.0 = Debug|Any CPU
		{B767307B-35EF-41F2-9C9F-BD8C71263223}.Debug|x64.ActiveCfg = Debug|Any CPU
		{B767307B-35EF-41F2-9C9F-BD8C71263223}.Debug|x64.Build.0 = Debug|Any CPU
		{B767307B-35EF-41F2-9C9F-BD8C71263223}.Debug|x86.ActiveCfg = Debug|Any CPU
		{B767307B-35EF-41F2-9C9F-BD8C71263223}.Debug|x86.Build.0 = Debug|Any CPU
		{B767307B-35EF-41F2-9C9F-BD8C71263223}.Release|Any CPU.ActiveCfg = Release|Any CPU
		{B767307B-35EF-41F2-9C9F-BD8C71263223}.Release|Any CPU.Build.0 = Release|Any CPU
		{B767307B-35EF-41F2-9C9F-BD8C71263223}.Release|x64.ActiveCfg = Release|Any CPU
		{B767307B-35EF-41F2-9C9F-BD8C71263223}.Release|x64.Build.0 = Release|Any CPU
		{B767307B-35EF-41F2-9C9F-BD8C71263223}.Release|x86.ActiveCfg = Release|Any CPU
		{B767307B-35EF-41F2-9C9F-BD8C71263223}.Release|x86.Build.0 = Release|Any CPU
	EndGlobalSection
	GlobalSection(SolutionProperties) = preSolution
		HideSolutionNode = FALSE
	EndGlobalSection
	GlobalSection(NestedProjects) = preSolution
		{545BE680-3961-4BCA-A1F7-6C7E90D342EE} = {62482755-2FB1-4EE2-950A-ACC71C159323}
		{259DFB4B-4B24-4841-B35A-806C423EC835} = {62482755-2FB1-4EE2-950A-ACC71C159323}
		{C7B81D5F-8A9E-42A7-A3BA-04F33F42883C} = {62482755-2FB1-4EE2-950A-ACC71C159323}
		{EBDDF09F-7EE3-4019-BBFE-A3B4996FE366} = {62482755-2FB1-4EE2-950A-ACC71C159323}
		{4888F558-D75A-4136-98BB-DEA384D450F2} = {62482755-2FB1-4EE2-950A-ACC71C159323}
		{69DF0251-5668-446B-9839-5271225A8267} = {02EA681E-C7D8-13C7-8484-4AC65E1B71E8}
		{F98C7E21-5BC1-4617-A3D1-9F15D2EB662A} = {6C4D298B-81FB-2B6B-5AB6-46205EDDC72C}
		{B767307B-35EF-41F2-9C9F-BD8C71263223} = {6C4D298B-81FB-2B6B-5AB6-46205EDDC72C}
	EndGlobalSection
	GlobalSection(ExtensibilityGlobals) = postSolution
		SolutionGuid = {97BA5CDE-79E0-4A03-B058-D9B206DB6F05}
	EndGlobalSection
EndGlobal
